
Microsoft Visual Studio Solution File, Format Version 12.00
# Visual Studio Version 17
VisualStudioVersion = 17.5.002.0
MinimumVisualStudioVersion = 10.0.40219.1
Project("{9A19103F-16F7-4668-BE54-9A1E7A4F7556}") = "BuilderSample", "BuilderSample.csproj", "{42B751FD-534A-4A68-B811-5211C9DCFA4A}"
EndProject
Global
	GlobalSection(SolutionConfigurationPlatforms) = preSolution
		Debug|Any CPU = Debug|Any CPU
		Release|Any CPU = Release|Any CPU
	EndGlobalSection
	GlobalSection(ProjectConfigurationPlatforms) = postSolution
		{42B751FD-534A-4A68-B811-5211C9DCFA4A}.Debug|Any CPU.ActiveCfg = Debug|Any CPU
		{42B751FD-534A-4A68-B811-5211C9DCFA4A}.Debug|Any CPU.Build.0 = Debug|Any CPU
		{42B751FD-534A-4A68-B811-5211C9DCFA4A}.Release|Any CPU.ActiveCfg = Release|Any CPU
		{42B751FD-534A-4A68-B811-5211C9DCFA4A}.Release|Any CPU.Build.0 = Release|Any CPU
	EndGlobalSection
	GlobalSection(SolutionProperties) = preSolution
		HideSolutionNode = FALSE
	EndGlobalSection
	GlobalSection(ExtensibilityGlobals) = postSolution
		SolutionGuid = {87518C9B-CB2C-448B-86AC-C6B301007415}
	EndGlobalSection
EndGlobal
